
Microsoft Visual Studio Solution File, Format Version 12.00
# Visual Studio Version 16
VisualStudioVersion = 16.0.31702.278
MinimumVisualStudioVersion = 10.0.40219.1
Project("{FAE04EC0-301F-11D3-BF4B-00C04F79EFBC}") = "HeroJourney", "HeroJourney\HeroJourney.csproj", "{83362739-4020-42B9-9EAB-78A6A9F069AA}"
EndProject
Global
	GlobalSection(SolutionConfigurationPlatforms) = preSolution
		Debug|Any CPU = Debug|Any CPU
		Release|Any CPU = Release|Any CPU
	EndGlobalSection
	GlobalSection(ProjectConfigurationPlatforms) = postSolution
		{83362739-4020-42B9-9EAB-78A6A9F069AA}.Debug|Any CPU.ActiveCfg = Debug|Any CPU
		{83362739-4020-42B9-9EAB-78A6A9F069AA}.Debug|Any CPU.Build.0 = Debug|Any CPU
		{83362739-4020-42B9-9EAB-78A6A9F069AA}.Release|Any CPU.ActiveCfg = Release|Any CPU
		{83362739-4020-42B9-9EAB-78A6A9F069AA}.Release|Any CPU.Build.0 = Release|Any CPU
	EndGlobalSection
	GlobalSection(SolutionProperties) = preSolution
		HideSolutionNode = FALSE
	EndGlobalSection
	GlobalSection(ExtensibilityGlobals) = postSolution
		SolutionGuid = {76986851-E9DC-48C8-83D6-C1DA4CECF9C2}
	EndGlobalSection
EndGlobal
